// !$*UTF8*$!
{
	archiveVersion = 1;
	classes = {
	};
	objectVersion = 51;
	objects = {

/* Begin PBXBuildFile section */
		6213DBBB2355B22A001F804D /* GoogleService-Info.plist in Resources */ = {isa = PBXBuildFile; fileRef = 6213DBBA2355B22A001F804D /* GoogleService-Info.plist */; };
		622E8F57238A9FE200169778 /* ProfileRegisterPageView.swift in Sources */ = {isa = PBXBuildFile; fileRef = 622E8F56238A9FE200169778 /* ProfileRegisterPageView.swift */; };
		6266FB1F23608B4E007C0BC6 /* ContentView.swift in Sources */ = {isa = PBXBuildFile; fileRef = 6266FB1E23608B4E007C0BC6 /* ContentView.swift */; };
		627BFCC2235F0092002CB2D0 /* MainPageView.swift in Sources */ = {isa = PBXBuildFile; fileRef = 627BFCC1235F0092002CB2D0 /* MainPageView.swift */; };
		62C0E7A62355AEB5008DDA67 /* AppDelegate.swift in Sources */ = {isa = PBXBuildFile; fileRef = 62C0E7A52355AEB5008DDA67 /* AppDelegate.swift */; };
		62C0E7A82355AEB5008DDA67 /* SceneDelegate.swift in Sources */ = {isa = PBXBuildFile; fileRef = 62C0E7A72355AEB5008DDA67 /* SceneDelegate.swift */; };
		62C0E7AA2355AEB5008DDA67 /* LoginPageView.swift in Sources */ = {isa = PBXBuildFile; fileRef = 62C0E7A92355AEB5008DDA67 /* LoginPageView.swift */; };
		62C0E7AC2355AEB9008DDA67 /* Assets.xcassets in Resources */ = {isa = PBXBuildFile; fileRef = 62C0E7AB2355AEB9008DDA67 /* Assets.xcassets */; };
		62C0E7AF2355AEBA008DDA67 /* Preview Assets.xcassets in Resources */ = {isa = PBXBuildFile; fileRef = 62C0E7AE2355AEBA008DDA67 /* Preview Assets.xcassets */; };
		62C0E7B22355AEBA008DDA67 /* LaunchScreen.storyboard in Resources */ = {isa = PBXBuildFile; fileRef = 62C0E7B02355AEBA008DDA67 /* LaunchScreen.storyboard */; };
		62D6A442238A531B00B28170 /* ApiUtil.swift in Sources */ = {isa = PBXBuildFile; fileRef = 62D6A441238A531B00B28170 /* ApiUtil.swift */; };
		62EF335123896AC70085BAD8 /* TutorApi.swift in Sources */ = {isa = PBXBuildFile; fileRef = 62EF335023896AC70085BAD8 /* TutorApi.swift */; };
		62EF335423896E5F0085BAD8 /* RootStore.swift in Sources */ = {isa = PBXBuildFile; fileRef = 62EF335323896E5F0085BAD8 /* RootStore.swift */; };
		62EF33592389A7C70085BAD8 /* User.swift in Sources */ = {isa = PBXBuildFile; fileRef = 62EF33582389A7C70085BAD8 /* User.swift */; };
		A7EBFDB45CD46AAA9DD349B7 /* Pods_tutor.framework in Frameworks */ = {isa = PBXBuildFile; fileRef = C935C1F7333466C3D95D06D8 /* Pods_tutor.framework */; };
/* End PBXBuildFile section */

/* Begin PBXFileReference section */
		6213DBBA2355B22A001F804D /* GoogleService-Info.plist */ = {isa = PBXFileReference; fileEncoding = 4; lastKnownFileType = text.plist.xml; path = "GoogleService-Info.plist"; sourceTree = "<group>"; };
		622E8F56238A9FE200169778 /* ProfileRegisterPageView.swift */ = {isa = PBXFileReference; lastKnownFileType = sourcecode.swift; path = ProfileRegisterPageView.swift; sourceTree = "<group>"; };
		6266FB1E23608B4E007C0BC6 /* ContentView.swift */ = {isa = PBXFileReference; lastKnownFileType = sourcecode.swift; path = ContentView.swift; sourceTree = "<group>"; };
		627BFCC1235F0092002CB2D0 /* MainPageView.swift */ = {isa = PBXFileReference; lastKnownFileType = sourcecode.swift; path = MainPageView.swift; sourceTree = "<group>"; };
		62C0E7A22355AEB5008DDA67 /* tutor.app */ = {isa = PBXFileReference; explicitFileType = wrapper.application; includeInIndex = 0; path = tutor.app; sourceTree = BUILT_PRODUCTS_DIR; };
		62C0E7A52355AEB5008DDA67 /* AppDelegate.swift */ = {isa = PBXFileReference; lastKnownFileType = sourcecode.swift; path = AppDelegate.swift; sourceTree = "<group>"; };
		62C0E7A72355AEB5008DDA67 /* SceneDelegate.swift */ = {isa = PBXFileReference; lastKnownFileType = sourcecode.swift; path = SceneDelegate.swift; sourceTree = "<group>"; };
		62C0E7A92355AEB5008DDA67 /* LoginPageView.swift */ = {isa = PBXFileReference; lastKnownFileType = sourcecode.swift; path = LoginPageView.swift; sourceTree = "<group>"; };
		62C0E7AB2355AEB9008DDA67 /* Assets.xcassets */ = {isa = PBXFileReference; lastKnownFileType = folder.assetcatalog; path = Assets.xcassets; sourceTree = "<group>"; };
		62C0E7AE2355AEBA008DDA67 /* Preview Assets.xcassets */ = {isa = PBXFileReference; lastKnownFileType = folder.assetcatalog; path = "Preview Assets.xcassets"; sourceTree = "<group>"; };
		62C0E7B12355AEBA008DDA67 /* Base */ = {isa = PBXFileReference; lastKnownFileType = file.storyboard; name = Base; path = Base.lproj/LaunchScreen.storyboard; sourceTree = "<group>"; };
		62C0E7B32355AEBA008DDA67 /* Info.plist */ = {isa = PBXFileReference; lastKnownFileType = text.plist.xml; path = Info.plist; sourceTree = "<group>"; };
		62D6A441238A531B00B28170 /* ApiUtil.swift */ = {isa = PBXFileReference; lastKnownFileType = sourcecode.swift; path = ApiUtil.swift; sourceTree = "<group>"; };
		62EF335023896AC70085BAD8 /* TutorApi.swift */ = {isa = PBXFileReference; lastKnownFileType = sourcecode.swift; path = TutorApi.swift; sourceTree = "<group>"; };
		62EF335323896E5F0085BAD8 /* RootStore.swift */ = {isa = PBXFileReference; lastKnownFileType = sourcecode.swift; path = RootStore.swift; sourceTree = "<group>"; };
		62EF33582389A7C70085BAD8 /* User.swift */ = {isa = PBXFileReference; lastKnownFileType = sourcecode.swift; path = User.swift; sourceTree = "<group>"; };
		6E5BB71F1803D1E5C477F702 /* Pods-tutor.debug.xcconfig */ = {isa = PBXFileReference; includeInIndex = 1; lastKnownFileType = text.xcconfig; name = "Pods-tutor.debug.xcconfig"; path = "Target Support Files/Pods-tutor/Pods-tutor.debug.xcconfig"; sourceTree = "<group>"; };
		C935C1F7333466C3D95D06D8 /* Pods_tutor.framework */ = {isa = PBXFileReference; explicitFileType = wrapper.framework; includeInIndex = 0; path = Pods_tutor.framework; sourceTree = BUILT_PRODUCTS_DIR; };
		F27990AC8F6A86F3AB7A43A5 /* Pods-tutor.release.xcconfig */ = {isa = PBXFileReference; includeInIndex = 1; lastKnownFileType = text.xcconfig; name = "Pods-tutor.release.xcconfig"; path = "Target Support Files/Pods-tutor/Pods-tutor.release.xcconfig"; sourceTree = "<group>"; };
/* End PBXFileReference section */

/* Begin PBXFrameworksBuildPhase section */
		62C0E79F2355AEB5008DDA67 /* Frameworks */ = {
			isa = PBXFrameworksBuildPhase;
			buildActionMask = 2147483647;
			files = (
				A7EBFDB45CD46AAA9DD349B7 /* Pods_tutor.framework in Frameworks */,
			);
			runOnlyForDeploymentPostprocessing = 0;
		};
/* End PBXFrameworksBuildPhase section */

/* Begin PBXGroup section */
		622E8F55238A9FC700169778 /* ProfileRegisterPage */ = {
			isa = PBXGroup;
			children = (
				622E8F56238A9FE200169778 /* ProfileRegisterPageView.swift */,
			);
			path = ProfileRegisterPage;
			sourceTree = "<group>";
		};
		6249DCBD238A33E400057432 /* Pages */ = {
			isa = PBXGroup;
			children = (
				622E8F55238A9FC700169778 /* ProfileRegisterPage */,
				6249DCBF238A341D00057432 /* MainPage */,
				6249DCBE238A341400057432 /* LoginPage */,
			);
			path = Pages;
			sourceTree = "<group>";
		};
		6249DCBE238A341400057432 /* LoginPage */ = {
			isa = PBXGroup;
			children = (
				62C0E7A92355AEB5008DDA67 /* LoginPageView.swift */,
			);
			path = LoginPage;
			sourceTree = "<group>";
		};
		6249DCBF238A341D00057432 /* MainPage */ = {
			isa = PBXGroup;
			children = (
				627BFCC1235F0092002CB2D0 /* MainPageView.swift */,
			);
			path = MainPage;
			sourceTree = "<group>";
		};
		62C0E7992355AEB5008DDA67 = {
			isa = PBXGroup;
			children = (
				62C0E7A42355AEB5008DDA67 /* tutor */,
				62C0E7A32355AEB5008DDA67 /* Products */,
				FE21832F587615F662848717 /* Pods */,
				E955F58658DD86B1837AA187 /* Frameworks */,
			);
			sourceTree = "<group>";
		};
		62C0E7A32355AEB5008DDA67 /* Products */ = {
			isa = PBXGroup;
			children = (
				62C0E7A22355AEB5008DDA67 /* tutor.app */,
			);
			name = Products;
			sourceTree = "<group>";
		};
		62C0E7A42355AEB5008DDA67 /* tutor */ = {
			isa = PBXGroup;
			children = (
				62D6A440238A52DD00B28170 /* Utils */,
				6249DCBD238A33E400057432 /* Pages */,
				62EF335A2389A7D80085BAD8 /* Models */,
				62EF33572389A7750085BAD8 /* Stores */,
				62C0E7A52355AEB5008DDA67 /* AppDelegate.swift */,
				62C0E7A72355AEB5008DDA67 /* SceneDelegate.swift */,
				6266FB1E23608B4E007C0BC6 /* ContentView.swift */,
				62C0E7AB2355AEB9008DDA67 /* Assets.xcassets */,
				62C0E7B02355AEBA008DDA67 /* LaunchScreen.storyboard */,
				62C0E7B32355AEBA008DDA67 /* Info.plist */,
				6213DBBA2355B22A001F804D /* GoogleService-Info.plist */,
				62C0E7AD2355AEBA008DDA67 /* Preview Content */,
				62EF335023896AC70085BAD8 /* TutorApi.swift */,
			);
			path = tutor;
			sourceTree = "<group>";
		};
		62C0E7AD2355AEBA008DDA67 /* Preview Content */ = {
			isa = PBXGroup;
			children = (
				62C0E7AE2355AEBA008DDA67 /* Preview Assets.xcassets */,
			);
			path = "Preview Content";
			sourceTree = "<group>";
		};
		62D6A440238A52DD00B28170 /* Utils */ = {
			isa = PBXGroup;
			children = (
				62D6A441238A531B00B28170 /* ApiUtil.swift */,
			);
			path = Utils;
			sourceTree = "<group>";
		};
		62EF33572389A7750085BAD8 /* Stores */ = {
			isa = PBXGroup;
			children = (
				62EF335323896E5F0085BAD8 /* RootStore.swift */,
			);
			path = Stores;
			sourceTree = "<group>";
		};
		62EF335A2389A7D80085BAD8 /* Models */ = {
			isa = PBXGroup;
			children = (
				62EF33582389A7C70085BAD8 /* User.swift */,
			);
			path = Models;
			sourceTree = "<group>";
		};
		E955F58658DD86B1837AA187 /* Frameworks */ = {
			isa = PBXGroup;
			children = (
				C935C1F7333466C3D95D06D8 /* Pods_tutor.framework */,
			);
			name = Frameworks;
			sourceTree = "<group>";
		};
		FE21832F587615F662848717 /* Pods */ = {
			isa = PBXGroup;
			children = (
				6E5BB71F1803D1E5C477F702 /* Pods-tutor.debug.xcconfig */,
				F27990AC8F6A86F3AB7A43A5 /* Pods-tutor.release.xcconfig */,
			);
			path = Pods;
			sourceTree = "<group>";
		};
/* End PBXGroup section */

/* Begin PBXNativeTarget section */
		62C0E7A12355AEB5008DDA67 /* tutor */ = {
			isa = PBXNativeTarget;
			buildConfigurationList = 62C0E7B62355AEBA008DDA67 /* Build configuration list for PBXNativeTarget "tutor" */;
			buildPhases = (
				24F9B0EA72D87871B783CCC9 /* [CP] Check Pods Manifest.lock */,
				62C0E79E2355AEB5008DDA67 /* Sources */,
				62C0E79F2355AEB5008DDA67 /* Frameworks */,
				62C0E7A02355AEB5008DDA67 /* Resources */,
				056BFA6EBFFFF83CC527E7C0 /* [CP] Embed Pods Frameworks */,
				5465AA1F0C1112B49081A770 /* [CP] Copy Pods Resources */,
			);
			buildRules = (
			);
			dependencies = (
			);
			name = tutor;
			productName = tutor;
			productReference = 62C0E7A22355AEB5008DDA67 /* tutor.app */;
			productType = "com.apple.product-type.application";
		};
/* End PBXNativeTarget section */

/* Begin PBXProject section */
		62C0E79A2355AEB5008DDA67 /* Project object */ = {
			isa = PBXProject;
			attributes = {
				LastSwiftUpdateCheck = 1110;
				LastUpgradeCheck = 1110;
				ORGANIZATIONNAME = KU;
				TargetAttributes = {
					62C0E7A12355AEB5008DDA67 = {
						CreatedOnToolsVersion = 11.1;
					};
				};
			};
			buildConfigurationList = 62C0E79D2355AEB5008DDA67 /* Build configuration list for PBXProject "tutor" */;
			compatibilityVersion = "Xcode 9.3";
			developmentRegion = en;
			hasScannedForEncodings = 0;
			knownRegions = (
				en,
				Base,
			);
			mainGroup = 62C0E7992355AEB5008DDA67;
			productRefGroup = 62C0E7A32355AEB5008DDA67 /* Products */;
			projectDirPath = "";
			projectRoot = "";
			targets = (
				62C0E7A12355AEB5008DDA67 /* tutor */,
			);
		};
/* End PBXProject section */

/* Begin PBXResourcesBuildPhase section */
		62C0E7A02355AEB5008DDA67 /* Resources */ = {
			isa = PBXResourcesBuildPhase;
			buildActionMask = 2147483647;
			files = (
				62C0E7B22355AEBA008DDA67 /* LaunchScreen.storyboard in Resources */,
				6213DBBB2355B22A001F804D /* GoogleService-Info.plist in Resources */,
				62C0E7AF2355AEBA008DDA67 /* Preview Assets.xcassets in Resources */,
				62C0E7AC2355AEB9008DDA67 /* Assets.xcassets in Resources */,
			);
			runOnlyForDeploymentPostprocessing = 0;
		};
/* End PBXResourcesBuildPhase section */

/* Begin PBXShellScriptBuildPhase section */
		056BFA6EBFFFF83CC527E7C0 /* [CP] Embed Pods Frameworks */ = {
			isa = PBXShellScriptBuildPhase;
			buildActionMask = 2147483647;
			files = (
			);
			inputFileListPaths = (
				"${PODS_ROOT}/Target Support Files/Pods-tutor/Pods-tutor-frameworks-${CONFIGURATION}-input-files.xcfilelist",
			);
			name = "[CP] Embed Pods Frameworks";
			outputFileListPaths = (
				"${PODS_ROOT}/Target Support Files/Pods-tutor/Pods-tutor-frameworks-${CONFIGURATION}-output-files.xcfilelist",
			);
			runOnlyForDeploymentPostprocessing = 0;
			shellPath = /bin/sh;
			shellScript = "\"${PODS_ROOT}/Target Support Files/Pods-tutor/Pods-tutor-frameworks.sh\"\n";
			showEnvVarsInLog = 0;
		};
		24F9B0EA72D87871B783CCC9 /* [CP] Check Pods Manifest.lock */ = {
			isa = PBXShellScriptBuildPhase;
			buildActionMask = 2147483647;
			files = (
			);
			inputFileListPaths = (
			);
			inputPaths = (
				"${PODS_PODFILE_DIR_PATH}/Podfile.lock",
				"${PODS_ROOT}/Manifest.lock",
			);
			name = "[CP] Check Pods Manifest.lock";
			outputFileListPaths = (
			);
			outputPaths = (
				"$(DERIVED_FILE_DIR)/Pods-tutor-checkManifestLockResult.txt",
			);
			runOnlyForDeploymentPostprocessing = 0;
			shellPath = /bin/sh;
			shellScript = "diff \"${PODS_PODFILE_DIR_PATH}/Podfile.lock\" \"${PODS_ROOT}/Manifest.lock\" > /dev/null\nif [ $? != 0 ] ; then\n    # print error to STDERR\n    echo \"error: The sandbox is not in sync with the Podfile.lock. Run 'pod install' or update your CocoaPods installation.\" >&2\n    exit 1\nfi\n# This output is used by Xcode 'outputs' to avoid re-running this script phase.\necho \"SUCCESS\" > \"${SCRIPT_OUTPUT_FILE_0}\"\n";
			showEnvVarsInLog = 0;
		};
		5465AA1F0C1112B49081A770 /* [CP] Copy Pods Resources */ = {
			isa = PBXShellScriptBuildPhase;
			buildActionMask = 2147483647;
			files = (
			);
			inputFileListPaths = (
				"${PODS_ROOT}/Target Support Files/Pods-tutor/Pods-tutor-resources-${CONFIGURATION}-input-files.xcfilelist",
			);
			name = "[CP] Copy Pods Resources";
			outputFileListPaths = (
				"${PODS_ROOT}/Target Support Files/Pods-tutor/Pods-tutor-resources-${CONFIGURATION}-output-files.xcfilelist",
			);
			runOnlyForDeploymentPostprocessing = 0;
			shellPath = /bin/sh;
			shellScript = "\"${PODS_ROOT}/Target Support Files/Pods-tutor/Pods-tutor-resources.sh\"\n";
			showEnvVarsInLog = 0;
		};
/* End PBXShellScriptBuildPhase section */

/* Begin PBXSourcesBuildPhase section */
		62C0E79E2355AEB5008DDA67 /* Sources */ = {
			isa = PBXSourcesBuildPhase;
			buildActionMask = 2147483647;
			files = (
				62C0E7A62355AEB5008DDA67 /* AppDelegate.swift in Sources */,
				6266FB1F23608B4E007C0BC6 /* ContentView.swift in Sources */,
				62D6A442238A531B00B28170 /* ApiUtil.swift in Sources */,
				622E8F57238A9FE200169778 /* ProfileRegisterPageView.swift in Sources */,
				62EF335423896E5F0085BAD8 /* RootStore.swift in Sources */,
				62C0E7A82355AEB5008DDA67 /* SceneDelegate.swift in Sources */,
				62C0E7AA2355AEB5008DDA67 /* LoginPageView.swift in Sources */,
				62EF33592389A7C70085BAD8 /* User.swift in Sources */,
				627BFCC2235F0092002CB2D0 /* MainPageView.swift in Sources */,
				62EF335123896AC70085BAD8 /* TutorApi.swift in Sources */,
			);
			runOnlyForDeploymentPostprocessing = 0;
		};
/* End PBXSourcesBuildPhase section */

/* Begin PBXVariantGroup section */
		62C0E7B02355AEBA008DDA67 /* LaunchScreen.storyboard */ = {
			isa = PBXVariantGroup;
			children = (
				62C0E7B12355AEBA008DDA67 /* Base */,
			);
			name = LaunchScreen.storyboard;
			sourceTree = "<group>";
		};
/* End PBXVariantGroup section */

/* Begin XCBuildConfiguration section */
		62C0E7B42355AEBA008DDA67 /* Debug */ = {
			isa = XCBuildConfiguration;
			buildSettings = {
				ALWAYS_SEARCH_USER_PATHS = NO;
				CLANG_ANALYZER_NONNULL = YES;
				CLANG_ANALYZER_NUMBER_OBJECT_CONVERSION = YES_AGGRESSIVE;
				CLANG_CXX_LANGUAGE_STANDARD = "gnu++14";
				CLANG_CXX_LIBRARY = "libc++";
				CLANG_ENABLE_MODULES = YES;
				CLANG_ENABLE_OBJC_ARC = YES;
				CLANG_ENABLE_OBJC_WEAK = YES;
				CLANG_WARN_BLOCK_CAPTURE_AUTORELEASING = YES;
				CLANG_WARN_BOOL_CONVERSION = YES;
				CLANG_WARN_COMMA = YES;
				CLANG_WARN_CONSTANT_CONVERSION = YES;
				CLANG_WARN_DEPRECATED_OBJC_IMPLEMENTATIONS = YES;
				CLANG_WARN_DIRECT_OBJC_ISA_USAGE = YES_ERROR;
				CLANG_WARN_DOCUMENTATION_COMMENTS = YES;
				CLANG_WARN_EMPTY_BODY = YES;
				CLANG_WARN_ENUM_CONVERSION = YES;
				CLANG_WARN_INFINITE_RECURSION = YES;
				CLANG_WARN_INT_CONVERSION = YES;
				CLANG_WARN_NON_LITERAL_NULL_CONVERSION = YES;
				CLANG_WARN_OBJC_IMPLICIT_RETAIN_SELF = YES;
				CLANG_WARN_OBJC_LITERAL_CONVERSION = YES;
				CLANG_WARN_OBJC_ROOT_CLASS = YES_ERROR;
				CLANG_WARN_RANGE_LOOP_ANALYSIS = YES;
				CLANG_WARN_STRICT_PROTOTYPES = YES;
				CLANG_WARN_SUSPICIOUS_MOVE = YES;
				CLANG_WARN_UNGUARDED_AVAILABILITY = YES_AGGRESSIVE;
				CLANG_WARN_UNREACHABLE_CODE = YES;
				CLANG_WARN__DUPLICATE_METHOD_MATCH = YES;
				COPY_PHASE_STRIP = NO;
				DEBUG_INFORMATION_FORMAT = dwarf;
				ENABLE_STRICT_OBJC_MSGSEND = YES;
				ENABLE_TESTABILITY = YES;
				GCC_C_LANGUAGE_STANDARD = gnu11;
				GCC_DYNAMIC_NO_PIC = NO;
				GCC_NO_COMMON_BLOCKS = YES;
				GCC_OPTIMIZATION_LEVEL = 0;
				GCC_PREPROCESSOR_DEFINITIONS = (
					"DEBUG=1",
					"$(inherited)",
				);
				GCC_WARN_64_TO_32_BIT_CONVERSION = YES;
				GCC_WARN_ABOUT_RETURN_TYPE = YES_ERROR;
				GCC_WARN_UNDECLARED_SELECTOR = YES;
				GCC_WARN_UNINITIALIZED_AUTOS = YES_AGGRESSIVE;
				GCC_WARN_UNUSED_FUNCTION = YES;
				GCC_WARN_UNUSED_VARIABLE = YES;
				IPHONEOS_DEPLOYMENT_TARGET = 13.1;
				MTL_ENABLE_DEBUG_INFO = INCLUDE_SOURCE;
				MTL_FAST_MATH = YES;
				ONLY_ACTIVE_ARCH = YES;
				SDKROOT = iphoneos;
				SWIFT_ACTIVE_COMPILATION_CONDITIONS = DEBUG;
				SWIFT_OPTIMIZATION_LEVEL = "-Onone";
			};
			name = Debug;
		};
		62C0E7B52355AEBA008DDA67 /* Release */ = {
			isa = XCBuildConfiguration;
			buildSettings = {
				ALWAYS_SEARCH_USER_PATHS = NO;
				CLANG_ANALYZER_NONNULL = YES;
				CLANG_ANALYZER_NUMBER_OBJECT_CONVERSION = YES_AGGRESSIVE;
				CLANG_CXX_LANGUAGE_STANDARD = "gnu++14";
				CLANG_CXX_LIBRARY = "libc++";
				CLANG_ENABLE_MODULES = YES;
				CLANG_ENABLE_OBJC_ARC = YES;
				CLANG_ENABLE_OBJC_WEAK = YES;
				CLANG_WARN_BLOCK_CAPTURE_AUTORELEASING = YES;
				CLANG_WARN_BOOL_CONVERSION = YES;
				CLANG_WARN_COMMA = YES;
				CLANG_WARN_CONSTANT_CONVERSION = YES;
				CLANG_WARN_DEPRECATED_OBJC_IMPLEMENTATIONS = YES;
				CLANG_WARN_DIRECT_OBJC_ISA_USAGE = YES_ERROR;
				CLANG_WARN_DOCUMENTATION_COMMENTS = YES;
				CLANG_WARN_EMPTY_BODY = YES;
				CLANG_WARN_ENUM_CONVERSION = YES;
				CLANG_WARN_INFINITE_RECURSION = YES;
				CLANG_WARN_INT_CONVERSION = YES;
				CLANG_WARN_NON_LITERAL_NULL_CONVERSION = YES;
				CLANG_WARN_OBJC_IMPLICIT_RETAIN_SELF = YES;
				CLANG_WARN_OBJC_LITERAL_CONVERSION = YES;
				CLANG_WARN_OBJC_ROOT_CLASS = YES_ERROR;
				CLANG_WARN_RANGE_LOOP_ANALYSIS = YES;
				CLANG_WARN_STRICT_PROTOTYPES = YES;
				CLANG_WARN_SUSPICIOUS_MOVE = YES;
				CLANG_WARN_UNGUARDED_AVAILABILITY = YES_AGGRESSIVE;
				CLANG_WARN_UNREACHABLE_CODE = YES;
				CLANG_WARN__DUPLICATE_METHOD_MATCH = YES;
				COPY_PHASE_STRIP = NO;
				DEBUG_INFORMATION_FORMAT = "dwarf-with-dsym";
				ENABLE_NS_ASSERTIONS = NO;
				ENABLE_STRICT_OBJC_MSGSEND = YES;
				GCC_C_LANGUAGE_STANDARD = gnu11;
				GCC_NO_COMMON_BLOCKS = YES;
				GCC_WARN_64_TO_32_BIT_CONVERSION = YES;
				GCC_WARN_ABOUT_RETURN_TYPE = YES_ERROR;
				GCC_WARN_UNDECLARED_SELECTOR = YES;
				GCC_WARN_UNINITIALIZED_AUTOS = YES_AGGRESSIVE;
				GCC_WARN_UNUSED_FUNCTION = YES;
				GCC_WARN_UNUSED_VARIABLE = YES;
				IPHONEOS_DEPLOYMENT_TARGET = 13.1;
				MTL_ENABLE_DEBUG_INFO = NO;
				MTL_FAST_MATH = YES;
				SDKROOT = iphoneos;
				SWIFT_COMPILATION_MODE = wholemodule;
				SWIFT_OPTIMIZATION_LEVEL = "-O";
				VALIDATE_PRODUCT = YES;
			};
			name = Release;
		};
		62C0E7B72355AEBA008DDA67 /* Debug */ = {
			isa = XCBuildConfiguration;
			baseConfigurationReference = 6E5BB71F1803D1E5C477F702 /* Pods-tutor.debug.xcconfig */;
			buildSettings = {
				ASSETCATALOG_COMPILER_APPICON_NAME = AppIcon;
				CODE_SIGN_STYLE = Automatic;
				DEVELOPMENT_ASSET_PATHS = "\"tutor/Preview Content\"";
				DEVELOPMENT_TEAM = 89ST658N5L;
				ENABLE_PREVIEWS = YES;
				INFOPLIST_FILE = tutor/Info.plist;
				LD_RUNPATH_SEARCH_PATHS = (
					"$(inherited)",
					"@executable_path/Frameworks",
				);
				PRODUCT_BUNDLE_IDENTIFIER = th.ku.tutor;
				PRODUCT_NAME = "$(TARGET_NAME)";
				SWIFT_VERSION = 5.0;
				TARGETED_DEVICE_FAMILY = "1,2";
			};
			name = Debug;
		};
		62C0E7B82355AEBA008DDA67 /* Release */ = {
			isa = XCBuildConfiguration;
			baseConfigurationReference = F27990AC8F6A86F3AB7A43A5 /* Pods-tutor.release.xcconfig */;
			buildSettings = {
				ASSETCATALOG_COMPILER_APPICON_NAME = AppIcon;
				CODE_SIGN_STYLE = Automatic;
				DEVELOPMENT_ASSET_PATHS = "\"tutor/Preview Content\"";
				DEVELOPMENT_TEAM = 89ST658N5L;
				ENABLE_PREVIEWS = YES;
				INFOPLIST_FILE = tutor/Info.plist;
				LD_RUNPATH_SEARCH_PATHS = (
					"$(inherited)",
					"@executable_path/Frameworks",
				);
				PRODUCT_BUNDLE_IDENTIFIER = th.ku.tutor;
				PRODUCT_NAME = "$(TARGET_NAME)";
				SWIFT_VERSION = 5.0;
				TARGETED_DEVICE_FAMILY = "1,2";
			};
			name = Release;
		};
/* End XCBuildConfiguration section */

/* Begin XCConfigurationList section */
		62C0E79D2355AEB5008DDA67 /* Build configuration list for PBXProject "tutor" */ = {
			isa = XCConfigurationList;
			buildConfigurations = (
				62C0E7B42355AEBA008DDA67 /* Debug */,
				62C0E7B52355AEBA008DDA67 /* Release */,
			);
			defaultConfigurationIsVisible = 0;
			defaultConfigurationName = Release;
		};
		62C0E7B62355AEBA008DDA67 /* Build configuration list for PBXNativeTarget "tutor" */ = {
			isa = XCConfigurationList;
			buildConfigurations = (
				62C0E7B72355AEBA008DDA67 /* Debug */,
				62C0E7B82355AEBA008DDA67 /* Release */,
			);
			defaultConfigurationIsVisible = 0;
			defaultConfigurationName = Release;
		};
/* End XCConfigurationList section */
	};
	rootObject = 62C0E79A2355AEB5008DDA67 /* Project object */;
}
